
Microsoft Visual Studio Solution File, Format Version 12.00
# Visual Studio Version 17
VisualStudioVersion = 17.0.31903.59
MinimumVisualStudioVersion = 10.0.40219.1
Project("{2150E333-8FDC-42A3-9474-1A3956D46DE8}") = "src", "src", "{911E8B1F-CC0C-4549-A85F-3F546BD21A1C}"
EndProject
Project("{FAE04EC0-301F-11D3-BF4B-00C04F79EFBC}") = "SentinelaDocumentos.Api", "src\SentinelaDocumentos.Api\SentinelaDocumentos.Api.csproj", "{AA1E9954-1ED4-4DF6-B9E1-C8809BD4FD2A}"
EndProject
Project("{FAE04EC0-301F-11D3-BF4B-00C04F79EFBC}") = "SentinelaDocumentos.Domain", "src\SentinelaDocumentos.Domain\SentinelaDocumentos.Domain.csproj", "{061549FE-66C6-44E1-836D-486DC12CACE0}"
EndProject
Project("{FAE04EC0-301F-11D3-BF4B-00C04F79EFBC}") = "SentinelaDocumentos.Application", "src\SentinelaDocumentos.Application\SentinelaDocumentos.Application.csproj", "{046796C1-D978-40F0-9433-41E2655A493C}"
EndProject
Project("{FAE04EC0-301F-11D3-BF4B-00C04F79EFBC}") = "SentinelaDocumentos.Infrastructure", "src\SentinelaDocumentos.Infrastructure\SentinelaDocumentos.Infrastructure.csproj", "{AD5ED0E3-6E4F-439E-A841-E518E80A0913}"
EndProject
Project("{2150E333-8FDC-42A3-9474-1A3956D46DE8}") = "tests", "tests", "{3D39D907-D992-4B4E-9D4B-049D733214E6}"
EndProject
Project("{FAE04EC0-301F-11D3-BF4B-00C04F79EFBC}") = "SentinelaDocumentos.Tests", "tests\SentinelaDocumentos.Tests\SentinelaDocumentos.Tests.csproj", "{54461589-62BE-4A41-9197-ABB9E6812518}"
EndProject
Global
	GlobalSection(SolutionConfigurationPlatforms) = preSolution
		Debug|Any CPU = Debug|Any CPU
		Debug|x64 = Debug|x64
		Debug|x86 = Debug|x86
		Release|Any CPU = Release|Any CPU
		Release|x64 = Release|x64
		Release|x86 = Release|x86
	EndGlobalSection
	GlobalSection(ProjectConfigurationPlatforms) = postSolution
		{AA1E9954-1ED4-4DF6-B9E1-C8809BD4FD2A}.Debug|Any CPU.ActiveCfg = Debug|Any CPU
		{AA1E9954-1ED4-4DF6-B9E1-C8809BD4FD2A}.Debug|Any CPU.Build.0 = Debug|Any CPU
		{AA1E9954-1ED4-4DF6-B9E1-C8809BD4FD2A}.Debug|x64.ActiveCfg = Debug|Any CPU
		{AA1E9954-1ED4-4DF6-B9E1-C8809BD4FD2A}.Debug|x64.Build.0 = Debug|Any CPU
		{AA1E9954-1ED4-4DF6-B9E1-C8809BD4FD2A}.Debug|x86.ActiveCfg = Debug|Any CPU
		{AA1E9954-1ED4-4DF6-B9E1-C8809BD4FD2A}.Debug|x86.Build.0 = Debug|Any CPU
		{AA1E9954-1ED4-4DF6-B9E1-C8809BD4FD2A}.Release|Any CPU.ActiveCfg = Release|Any CPU
		{AA1E9954-1ED4-4DF6-B9E1-C8809BD4FD2A}.Release|Any CPU.Build.0 = Release|Any CPU
		{AA1E9954-1ED4-4DF6-B9E1-C8809BD4FD2A}.Release|x64.ActiveCfg = Release|Any CPU
		{AA1E9954-1ED4-4DF6-B9E1-C8809BD4FD2A}.Release|x64.Build.0 = Release|Any CPU
		{AA1E9954-1ED4-4DF6-B9E1-C8809BD4FD2A}.Release|x86.ActiveCfg = Release|Any CPU
		{AA1E9954-1ED4-4DF6-B9E1-C8809BD4FD2A}.Release|x86.Build.0 = Release|Any CPU
		{061549FE-66C6-44E1-836D-486DC12CACE0}.Debug|Any CPU.ActiveCfg = Debug|Any CPU
		{061549FE-66C6-44E1-836D-486DC12CACE0}.Debug|Any CPU.Build.0 = Debug|Any CPU
		{061549FE-66C6-44E1-836D-486DC12CACE0}.Debug|x64.ActiveCfg = Debug|Any CPU
		{061549FE-66C6-44E1-836D-486DC12CACE0}.Debug|x64.Build.0 = Debug|Any CPU
		{061549FE-66C6-44E1-836D-486DC12CACE0}.Debug|x86.ActiveCfg = Debug|Any CPU
		{061549FE-66C6-44E1-836D-486DC12CACE0}.Debug|x86.Build.0 = Debug|Any CPU
		{061549FE-66C6-44E1-836D-486DC12CACE0}.Release|Any CPU.ActiveCfg = Release|Any CPU
		{061549FE-66C6-44E1-836D-486DC12CACE0}.Release|Any CPU.Build.0 = Release|Any CPU
		{061549FE-66C6-44E1-836D-486DC12CACE0}.Release|x64.ActiveCfg = Release|Any CPU
		{061549FE-66C6-44E1-836D-486DC12CACE0}.Release|x64.Build.0 = Release|Any CPU
		{061549FE-66C6-44E1-836D-486DC12CACE0}.Release|x86.ActiveCfg = Release|Any CPU
		{061549FE-66C6-44E1-836D-486DC12CACE0}.Release|x86.Build.0 = Release|Any CPU
		{046796C1-D978-40F0-9433-41E2655A493C}.Debug|Any CPU.ActiveCfg = Debug|Any CPU
		{046796C1-D978-40F0-9433-41E2655A493C}.Debug|Any CPU.Build.0 = Debug|Any CPU
		{046796C1-D978-40F0-9433-41E2655A493C}.Debug|x64.ActiveCfg = Debug|Any CPU
		{046796C1-D978-40F0-9433-41E2655A493C}.Debug|x64.Build.0 = Debug|Any CPU
		{046796C1-D978-40F0-9433-41E2655A493C}.Debug|x86.ActiveCfg = Debug|Any CPU
		{046796C1-D978-40F0-9433-41E2655A493C}.Debug|x86.Build.0 = Debug|Any CPU
		{046796C1-D978-40F0-9433-41E2655A493C}.Release|Any CPU.ActiveCfg = Release|Any CPU
		{046796C1-D978-40F0-9433-41E2655A493C}.Release|Any CPU.Build.0 = Release|Any CPU
		{046796C1-D978-40F0-9433-41E2655A493C}.Release|x64.ActiveCfg = Release|Any CPU
		{046796C1-D978-40F0-9433-41E2655A493C}.Release|x64.Build.0 = Release|Any CPU
		{046796C1-D978-40F0-9433-41E2655A493C}.Release|x86.ActiveCfg = Release|Any CPU
		{046796C1-D978-40F0-9433-41E2655A493C}.Release|x86.Build.0 = Release|Any CPU
		{AD5ED0E3-6E4F-439E-A841-E518E80A0913}.Debug|Any CPU.ActiveCfg = Debug|Any CPU
		{AD5ED0E3-6E4F-439E-A841-E518E80A0913}.Debug|Any CPU.Build.0 = Debug|Any CPU
		{AD5ED0E3-6E4F-439E-A841-E518E80A0913}.Debug|x64.ActiveCfg = Debug|Any CPU
		{AD5ED0E3-6E4F-439E-A841-E518E80A0913}.Debug|x64.Build.0 = Debug|Any CPU
		{AD5ED0E3-6E4F-439E-A841-E518E80A0913}.Debug|x86.ActiveCfg = Debug|Any CPU
		{AD5ED0E3-6E4F-439E-A841-E518E80A0913}.Debug|x86.Build.0 = Debug|Any CPU
		{AD5ED0E3-6E4F-439E-A841-E518E80A0913}.Release|Any CPU.ActiveCfg = Release|Any CPU
		{AD5ED0E3-6E4F-439E-A841-E518E80A0913}.Release|Any CPU.Build.0 = Release|Any CPU
		{AD5ED0E3-6E4F-439E-A841-E518E80A0913}.Release|x64.ActiveCfg = Release|Any CPU
		{AD5ED0E3-6E4F-439E-A841-E518E80A0913}.Release|x64.Build.0 = Release|Any CPU
		{AD5ED0E3-6E4F-439E-A841-E518E80A0913}.Release|x86.ActiveCfg = Release|Any CPU
		{AD5ED0E3-6E4F-439E-A841-E518E80A0913}.Release|x86.Build.0 = Release|Any CPU
		{54461589-62BE-4A41-9197-ABB9E6812518}.Debug|Any CPU.ActiveCfg = Debug|Any CPU
		{54461589-62BE-4A41-9197-ABB9E6812518}.Debug|Any CPU.Build.0 = Debug|Any CPU
		{54461589-62BE-4A41-9197-ABB9E6812518}.Debug|x64.ActiveCfg = Debug|Any CPU
		{54461589-62BE-4A41-9197-ABB9E6812518}.Debug|x64.Build.0 = Debug|Any CPU
		{54461589-62BE-4A41-9197-ABB9E6812518}.Debug|x86.ActiveCfg = Debug|Any CPU
		{54461589-62BE-4A41-9197-ABB9E6812518}.Debug|x86.Build.0 = Debug|Any CPU
		{54461589-62BE-4A41-9197-ABB9E6812518}.Release|Any CPU.ActiveCfg = Release|Any CPU
		{54461589-62BE-4A41-9197-ABB9E6812518}.Release|Any CPU.Build.0 = Release|Any CPU
		{54461589-62BE-4A41-9197-ABB9E6812518}.Release|x64.ActiveCfg = Release|Any CPU
		{54461589-62BE-4A41-9197-ABB9E6812518}.Release|x64.Build.0 = Release|Any CPU
		{54461589-62BE-4A41-9197-ABB9E6812518}.Release|x86.ActiveCfg = Release|Any CPU
		{54461589-62BE-4A41-9197-ABB9E6812518}.Release|x86.Build.0 = Release|Any CPU
	EndGlobalSection
	GlobalSection(SolutionProperties) = preSolution
		HideSolutionNode = FALSE
	EndGlobalSection
	GlobalSection(NestedProjects) = preSolution
		{AA1E9954-1ED4-4DF6-B9E1-C8809BD4FD2A} = {911E8B1F-CC0C-4549-A85F-3F546BD21A1C}
		{061549FE-66C6-44E1-836D-486DC12CACE0} = {911E8B1F-CC0C-4549-A85F-3F546BD21A1C}
		{046796C1-D978-40F0-9433-41E2655A493C} = {911E8B1F-CC0C-4549-A85F-3F546BD21A1C}
		{AD5ED0E3-6E4F-439E-A841-E518E80A0913} = {911E8B1F-CC0C-4549-A85F-3F546BD21A1C}
		{54461589-62BE-4A41-9197-ABB9E6812518} = {3D39D907-D992-4B4E-9D4B-049D733214E6}
	EndGlobalSection
EndGlobal
